// !$*UTF8*$!
{
	archiveVersion = 1;
	classes = {
	};
	objectVersion = 56;
	objects = {

/* Begin PBXBuildFile section */
		27271EEB2BA52D4C00C75AA3 /* AppetizersApp.swift in Sources */ = {isa = PBXBuildFile; fileRef = 27271EEA2BA52D4C00C75AA3 /* AppetizersApp.swift */; };
		27271EED2BA52D4C00C75AA3 /* AppetizerTabView.swift in Sources */ = {isa = PBXBuildFile; fileRef = 27271EEC2BA52D4C00C75AA3 /* AppetizerTabView.swift */; };
		27271EEF2BA52D4D00C75AA3 /* Assets.xcassets in Resources */ = {isa = PBXBuildFile; fileRef = 27271EEE2BA52D4D00C75AA3 /* Assets.xcassets */; };
		27271EF22BA52D4D00C75AA3 /* Preview Assets.xcassets in Resources */ = {isa = PBXBuildFile; fileRef = 27271EF12BA52D4D00C75AA3 /* Preview Assets.xcassets */; };
		277079022BA67A7F005F08D6 /* AppetizerListView.swift in Sources */ = {isa = PBXBuildFile; fileRef = 277079012BA67A7F005F08D6 /* AppetizerListView.swift */; };
		277079042BA67A88005F08D6 /* AccountView.swift in Sources */ = {isa = PBXBuildFile; fileRef = 277079032BA67A88005F08D6 /* AccountView.swift */; };
		277079062BA67A94005F08D6 /* OrderView.swift in Sources */ = {isa = PBXBuildFile; fileRef = 277079052BA67A94005F08D6 /* OrderView.swift */; };
		277079082BA68255005F08D6 /* Appetizer.swift in Sources */ = {isa = PBXBuildFile; fileRef = 277079072BA68255005F08D6 /* Appetizer.swift */; };
		2770790A2BA689A6005F08D6 /* AppetizerListCell.swift in Sources */ = {isa = PBXBuildFile; fileRef = 277079092BA689A6005F08D6 /* AppetizerListCell.swift */; };
		2770790C2BA68AEC005F08D6 /* NetworkManager.swift in Sources */ = {isa = PBXBuildFile; fileRef = 2770790B2BA68AEC005F08D6 /* NetworkManager.swift */; };
		2770790E2BA68E8A005F08D6 /* APError.swift in Sources */ = {isa = PBXBuildFile; fileRef = 2770790D2BA68E8A005F08D6 /* APError.swift */; };
		27B78C112BA6BBF200AD6690 /* AppetizerListViewModel.swift in Sources */ = {isa = PBXBuildFile; fileRef = 27B78C102BA6BBF200AD6690 /* AppetizerListViewModel.swift */; };
/* End PBXBuildFile section */

/* Begin PBXFileReference section */
		27271EE72BA52D4C00C75AA3 /* appetizers.app */ = {isa = PBXFileReference; explicitFileType = wrapper.application; includeInIndex = 0; path = appetizers.app; sourceTree = BUILT_PRODUCTS_DIR; };
		27271EEA2BA52D4C00C75AA3 /* AppetizersApp.swift */ = {isa = PBXFileReference; lastKnownFileType = sourcecode.swift; path = AppetizersApp.swift; sourceTree = "<group>"; };
		27271EEC2BA52D4C00C75AA3 /* AppetizerTabView.swift */ = {isa = PBXFileReference; lastKnownFileType = sourcecode.swift; path = AppetizerTabView.swift; sourceTree = "<group>"; };
		27271EEE2BA52D4D00C75AA3 /* Assets.xcassets */ = {isa = PBXFileReference; lastKnownFileType = folder.assetcatalog; path = Assets.xcassets; sourceTree = "<group>"; };
		27271EF12BA52D4D00C75AA3 /* Preview Assets.xcassets */ = {isa = PBXFileReference; lastKnownFileType = folder.assetcatalog; path = "Preview Assets.xcassets"; sourceTree = "<group>"; };
		277079012BA67A7F005F08D6 /* AppetizerListView.swift */ = {isa = PBXFileReference; lastKnownFileType = sourcecode.swift; path = AppetizerListView.swift; sourceTree = "<group>"; };
		277079032BA67A88005F08D6 /* AccountView.swift */ = {isa = PBXFileReference; lastKnownFileType = sourcecode.swift; path = AccountView.swift; sourceTree = "<group>"; };
		277079052BA67A94005F08D6 /* OrderView.swift */ = {isa = PBXFileReference; lastKnownFileType = sourcecode.swift; path = OrderView.swift; sourceTree = "<group>"; };
		277079072BA68255005F08D6 /* Appetizer.swift */ = {isa = PBXFileReference; lastKnownFileType = sourcecode.swift; path = Appetizer.swift; sourceTree = "<group>"; };
		277079092BA689A6005F08D6 /* AppetizerListCell.swift */ = {isa = PBXFileReference; lastKnownFileType = sourcecode.swift; path = AppetizerListCell.swift; sourceTree = "<group>"; };
		2770790B2BA68AEC005F08D6 /* NetworkManager.swift */ = {isa = PBXFileReference; lastKnownFileType = sourcecode.swift; path = NetworkManager.swift; sourceTree = "<group>"; };
		2770790D2BA68E8A005F08D6 /* APError.swift */ = {isa = PBXFileReference; lastKnownFileType = sourcecode.swift; path = APError.swift; sourceTree = "<group>"; };
		27B78C102BA6BBF200AD6690 /* AppetizerListViewModel.swift */ = {isa = PBXFileReference; lastKnownFileType = sourcecode.swift; path = AppetizerListViewModel.swift; sourceTree = "<group>"; };
/* End PBXFileReference section */

/* Begin PBXFrameworksBuildPhase section */
		27271EE42BA52D4C00C75AA3 /* Frameworks */ = {
			isa = PBXFrameworksBuildPhase;
			buildActionMask = 2147483647;
			files = (
			);
			runOnlyForDeploymentPostprocessing = 0;
		};
/* End PBXFrameworksBuildPhase section */

/* Begin PBXGroup section */
		27271EDE2BA52D4C00C75AA3 = {
			isa = PBXGroup;
			children = (
				27271EE92BA52D4C00C75AA3 /* appetizers */,
				27271EE82BA52D4C00C75AA3 /* Products */,
			);
			sourceTree = "<group>";
		};
		27271EE82BA52D4C00C75AA3 /* Products */ = {
			isa = PBXGroup;
			children = (
				27271EE72BA52D4C00C75AA3 /* appetizers.app */,
			);
			name = Products;
			sourceTree = "<group>";
		};
		27271EE92BA52D4C00C75AA3 /* appetizers */ = {
			isa = PBXGroup;
			children = (
				27271EEA2BA52D4C00C75AA3 /* AppetizersApp.swift */,
				277079072BA68255005F08D6 /* Appetizer.swift */,
				27271EEC2BA52D4C00C75AA3 /* AppetizerTabView.swift */,
				2770790D2BA68E8A005F08D6 /* APError.swift */,
				277079012BA67A7F005F08D6 /* AppetizerListView.swift */,
				27B78C102BA6BBF200AD6690 /* AppetizerListViewModel.swift */,
				277079092BA689A6005F08D6 /* AppetizerListCell.swift */,
				277079052BA67A94005F08D6 /* OrderView.swift */,
				2770790B2BA68AEC005F08D6 /* NetworkManager.swift */,
				277079032BA67A88005F08D6 /* AccountView.swift */,
				27271EEE2BA52D4D00C75AA3 /* Assets.xcassets */,
				27271EF02BA52D4D00C75AA3 /* Preview Content */,
			);
			path = appetizers;
			sourceTree = "<group>";
		};
		27271EF02BA52D4D00C75AA3 /* Preview Content */ = {
			isa = PBXGroup;
			children = (
				27271EF12BA52D4D00C75AA3 /* Preview Assets.xcassets */,
			);
			path = "Preview Content";
			sourceTree = "<group>";
		};
/* End PBXGroup section */

/* Begin PBXNativeTarget section */
		27271EE62BA52D4C00C75AA3 /* appetizers */ = {
			isa = PBXNativeTarget;
			buildConfigurationList = 27271EF52BA52D4D00C75AA3 /* Build configuration list for PBXNativeTarget "appetizers" */;
			buildPhases = (
				27271EE32BA52D4C00C75AA3 /* Sources */,
				27271EE42BA52D4C00C75AA3 /* Frameworks */,
				27271EE52BA52D4C00C75AA3 /* Resources */,
			);
			buildRules = (
			);
			dependencies = (
			);
			name = appetizers;
			productName = appetizers;
			productReference = 27271EE72BA52D4C00C75AA3 /* appetizers.app */;
			productType = "com.apple.product-type.application";
		};
/* End PBXNativeTarget section */

/* Begin PBXProject section */
		27271EDF2BA52D4C00C75AA3 /* Project object */ = {
			isa = PBXProject;
			attributes = {
				BuildIndependentTargetsInParallel = 1;
				LastSwiftUpdateCheck = 1520;
				LastUpgradeCheck = 1520;
				TargetAttributes = {
					27271EE62BA52D4C00C75AA3 = {
						CreatedOnToolsVersion = 15.2;
					};
				};
			};
			buildConfigurationList = 27271EE22BA52D4C00C75AA3 /* Build configuration list for PBXProject "appetizers" */;
			compatibilityVersion = "Xcode 14.0";
			developmentRegion = en;
			hasScannedForEncodings = 0;
			knownRegions = (
				en,
				Base,
			);
			mainGroup = 27271EDE2BA52D4C00C75AA3;
			productRefGroup = 27271EE82BA52D4C00C75AA3 /* Products */;
			projectDirPath = "";
			projectRoot = "";
			targets = (
				27271EE62BA52D4C00C75AA3 /* appetizers */,
			);
		};
/* End PBXProject section */

/* Begin PBXResourcesBuildPhase section */
		27271EE52BA52D4C00C75AA3 /* Resources */ = {
			isa = PBXResourcesBuildPhase;
			buildActionMask = 2147483647;
			files = (
				27271EF22BA52D4D00C75AA3 /* Preview Assets.xcassets in Resources */,
				27271EEF2BA52D4D00C75AA3 /* Assets.xcassets in Resources */,
			);
			runOnlyForDeploymentPostprocessing = 0;
		};
/* End PBXResourcesBuildPhase section */

/* Begin PBXSourcesBuildPhase section */
		27271EE32BA52D4C00C75AA3 /* Sources */ = {
			isa = PBXSourcesBuildPhase;
			buildActionMask = 2147483647;
			files = (
				277079082BA68255005F08D6 /* Appetizer.swift in Sources */,
				2770790E2BA68E8A005F08D6 /* APError.swift in Sources */,
				2770790A2BA689A6005F08D6 /* AppetizerListCell.swift in Sources */,
				27B78C112BA6BBF200AD6690 /* AppetizerListViewModel.swift in Sources */,
				277079042BA67A88005F08D6 /* AccountView.swift in Sources */,
				27271EED2BA52D4C00C75AA3 /* AppetizerTabView.swift in Sources */,
				2770790C2BA68AEC005F08D6 /* NetworkManager.swift in Sources */,
				27271EEB2BA52D4C00C75AA3 /* AppetizersApp.swift in Sources */,
				277079022BA67A7F005F08D6 /* AppetizerListView.swift in Sources */,
				277079062BA67A94005F08D6 /* OrderView.swift in Sources */,
			);
			runOnlyForDeploymentPostprocessing = 0;
		};
/* End PBXSourcesBuildPhase section */

/* Begin XCBuildConfiguration section */
		27271EF32BA52D4D00C75AA3 /* Debug */ = {
			isa = XCBuildConfiguration;
			buildSettings = {
				ALWAYS_SEARCH_USER_PATHS = NO;
				ASSETCATALOG_COMPILER_GENERATE_SWIFT_ASSET_SYMBOL_EXTENSIONS = YES;
				CLANG_ANALYZER_NONNULL = YES;
				CLANG_ANALYZER_NUMBER_OBJECT_CONVERSION = YES_AGGRESSIVE;
				CLANG_CXX_LANGUAGE_STANDARD = "gnu++20";
				CLANG_ENABLE_MODULES = YES;
				CLANG_ENABLE_OBJC_ARC = YES;
				CLANG_ENABLE_OBJC_WEAK = YES;
				CLANG_WARN_BLOCK_CAPTURE_AUTORELEASING = YES;
				CLANG_WARN_BOOL_CONVERSION = YES;
				CLANG_WARN_COMMA = YES;
				CLANG_WARN_CONSTANT_CONVERSION = YES;
				CLANG_WARN_DEPRECATED_OBJC_IMPLEMENTATIONS = YES;
				CLANG_WARN_DIRECT_OBJC_ISA_USAGE = YES_ERROR;
				CLANG_WARN_DOCUMENTATION_COMMENTS = YES;
				CLANG_WARN_EMPTY_BODY = YES;
				CLANG_WARN_ENUM_CONVERSION = YES;
				CLANG_WARN_INFINITE_RECURSION = YES;
				CLANG_WARN_INT_CONVERSION = YES;
				CLANG_WARN_NON_LITERAL_NULL_CONVERSION = YES;
				CLANG_WARN_OBJC_IMPLICIT_RETAIN_SELF = YES;
				CLANG_WARN_OBJC_LITERAL_CONVERSION = YES;
				CLANG_WARN_OBJC_ROOT_CLASS = YES_ERROR;
				CLANG_WARN_QUOTED_INCLUDE_IN_FRAMEWORK_HEADER = YES;
				CLANG_WARN_RANGE_LOOP_ANALYSIS = YES;
				CLANG_WARN_STRICT_PROTOTYPES = YES;
				CLANG_WARN_SUSPICIOUS_MOVE = YES;
				CLANG_WARN_UNGUARDED_AVAILABILITY = YES_AGGRESSIVE;
				CLANG_WARN_UNREACHABLE_CODE = YES;
				CLANG_WARN__DUPLICATE_METHOD_MATCH = YES;
				COPY_PHASE_STRIP = NO;
				DEBUG_INFORMATION_FORMAT = dwarf;
				ENABLE_STRICT_OBJC_MSGSEND = YES;
				ENABLE_TESTABILITY = YES;
				ENABLE_USER_SCRIPT_SANDBOXING = YES;
				GCC_C_LANGUAGE_STANDARD = gnu17;
				GCC_DYNAMIC_NO_PIC = NO;
				GCC_NO_COMMON_BLOCKS = YES;
				GCC_OPTIMIZATION_LEVEL = 0;
				GCC_PREPROCESSOR_DEFINITIONS = (
					"DEBUG=1",
					"$(inherited)",
				);
				GCC_WARN_64_TO_32_BIT_CONVERSION = YES;
				GCC_WARN_ABOUT_RETURN_TYPE = YES_ERROR;
				GCC_WARN_UNDECLARED_SELECTOR = YES;
				GCC_WARN_UNINITIALIZED_AUTOS = YES_AGGRESSIVE;
				GCC_WARN_UNUSED_FUNCTION = YES;
				GCC_WARN_UNUSED_VARIABLE = YES;
				IPHONEOS_DEPLOYMENT_TARGET = 17.2;
				LOCALIZATION_PREFERS_STRING_CATALOGS = YES;
				MTL_ENABLE_DEBUG_INFO = INCLUDE_SOURCE;
				MTL_FAST_MATH = YES;
				ONLY_ACTIVE_ARCH = YES;
				SDKROOT = iphoneos;
				SWIFT_ACTIVE_COMPILATION_CONDITIONS = "DEBUG $(inherited)";
				SWIFT_OPTIMIZATION_LEVEL = "-Onone";
			};
			name = Debug;
		};
		27271EF42BA52D4D00C75AA3 /* Release */ = {
			isa = XCBuildConfiguration;
			buildSettings = {
				ALWAYS_SEARCH_USER_PATHS = NO;
				ASSETCATALOG_COMPILER_GENERATE_SWIFT_ASSET_SYMBOL_EXTENSIONS = YES;
				CLANG_ANALYZER_NONNULL = YES;
				CLANG_ANALYZER_NUMBER_OBJECT_CONVERSION = YES_AGGRESSIVE;
				CLANG_CXX_LANGUAGE_STANDARD = "gnu++20";
				CLANG_ENABLE_MODULES = YES;
				CLANG_ENABLE_OBJC_ARC = YES;
				CLANG_ENABLE_OBJC_WEAK = YES;
				CLANG_WARN_BLOCK_CAPTURE_AUTORELEASING = YES;
				CLANG_WARN_BOOL_CONVERSION = YES;
				CLANG_WARN_COMMA = YES;
				CLANG_WARN_CONSTANT_CONVERSION = YES;
				CLANG_WARN_DEPRECATED_OBJC_IMPLEMENTATIONS = YES;
				CLANG_WARN_DIRECT_OBJC_ISA_USAGE = YES_ERROR;
				CLANG_WARN_DOCUMENTATION_COMMENTS = YES;
				CLANG_WARN_EMPTY_BODY = YES;
				CLANG_WARN_ENUM_CONVERSION = YES;
				CLANG_WARN_INFINITE_RECURSION = YES;
				CLANG_WARN_INT_CONVERSION = YES;
				CLANG_WARN_NON_LITERAL_NULL_CONVERSION = YES;
				CLANG_WARN_OBJC_IMPLICIT_RETAIN_SELF = YES;
				CLANG_WARN_OBJC_LITERAL_CONVERSION = YES;
				CLANG_WARN_OBJC_ROOT_CLASS = YES_ERROR;
				CLANG_WARN_QUOTED_INCLUDE_IN_FRAMEWORK_HEADER = YES;
				CLANG_WARN_RANGE_LOOP_ANALYSIS = YES;
				CLANG_WARN_STRICT_PROTOTYPES = YES;
				CLANG_WARN_SUSPICIOUS_MOVE = YES;
				CLANG_WARN_UNGUARDED_AVAILABILITY = YES_AGGRESSIVE;
				CLANG_WARN_UNREACHABLE_CODE = YES;
				CLANG_WARN__DUPLICATE_METHOD_MATCH = YES;
				COPY_PHASE_STRIP = NO;
				DEBUG_INFORMATION_FORMAT = "dwarf-with-dsym";
				ENABLE_NS_ASSERTIONS = NO;
				ENABLE_STRICT_OBJC_MSGSEND = YES;
				ENABLE_USER_SCRIPT_SANDBOXING = YES;
				GCC_C_LANGUAGE_STANDARD = gnu17;
				GCC_NO_COMMON_BLOCKS = YES;
				GCC_WARN_64_TO_32_BIT_CONVERSION = YES;
				GCC_WARN_ABOUT_RETURN_TYPE = YES_ERROR;
				GCC_WARN_UNDECLARED_SELECTOR = YES;
				GCC_WARN_UNINITIALIZED_AUTOS = YES_AGGRESSIVE;
				GCC_WARN_UNUSED_FUNCTION = YES;
				GCC_WARN_UNUSED_VARIABLE = YES;
				IPHONEOS_DEPLOYMENT_TARGET = 17.2;
				LOCALIZATION_PREFERS_STRING_CATALOGS = YES;
				MTL_ENABLE_DEBUG_INFO = NO;
				MTL_FAST_MATH = YES;
				SDKROOT = iphoneos;
				SWIFT_COMPILATION_MODE = wholemodule;
				VALIDATE_PRODUCT = YES;
			};
			name = Release;
		};
		27271EF62BA52D4D00C75AA3 /* Debug */ = {
			isa = XCBuildConfiguration;
			buildSettings = {
				ASSETCATALOG_COMPILER_APPICON_NAME = AppIcon;
				ASSETCATALOG_COMPILER_GLOBAL_ACCENT_COLOR_NAME = AccentColor;
				CODE_SIGN_STYLE = Automatic;
				CURRENT_PROJECT_VERSION = 1;
				DEVELOPMENT_ASSET_PATHS = "\"appetizers/Preview Content\"";
				DEVELOPMENT_TEAM = KU4MTZR6YX;
				ENABLE_PREVIEWS = YES;
				GENERATE_INFOPLIST_FILE = YES;
				INFOPLIST_KEY_UIApplicationSceneManifest_Generation = YES;
				INFOPLIST_KEY_UIApplicationSupportsIndirectInputEvents = YES;
				INFOPLIST_KEY_UILaunchScreen_Generation = YES;
				INFOPLIST_KEY_UISupportedInterfaceOrientations_iPad = "UIInterfaceOrientationPortrait UIInterfaceOrientationPortraitUpsideDown UIInterfaceOrientationLandscapeLeft UIInterfaceOrientationLandscapeRight";
				INFOPLIST_KEY_UISupportedInterfaceOrientations_iPhone = "UIInterfaceOrientationPortrait UIInterfaceOrientationLandscapeLeft UIInterfaceOrientationLandscapeRight";
				LD_RUNPATH_SEARCH_PATHS = (
					"$(inherited)",
					"@executable_path/Frameworks",
				);
				MARKETING_VERSION = 1.0;
				PRODUCT_BUNDLE_IDENTIFIER = Vishnu.appetizers;
				PRODUCT_NAME = "$(TARGET_NAME)";
				SWIFT_EMIT_LOC_STRINGS = YES;
				SWIFT_VERSION = 5.0;
				TARGETED_DEVICE_FAMILY = "1,2";
			};
			name = Debug;
		};
		27271EF72BA52D4D00C75AA3 /* Release */ = {
			isa = XCBuildConfiguration;
			buildSettings = {
				ASSETCATALOG_COMPILER_APPICON_NAME = AppIcon;
				ASSETCATALOG_COMPILER_GLOBAL_ACCENT_COLOR_NAME = AccentColor;
				CODE_SIGN_STYLE = Automatic;
				CURRENT_PROJECT_VERSION = 1;
				DEVELOPMENT_ASSET_PATHS = "\"appetizers/Preview Content\"";
				DEVELOPMENT_TEAM = KU4MTZR6YX;
				ENABLE_PREVIEWS = YES;
				GENERATE_INFOPLIST_FILE = YES;
				INFOPLIST_KEY_UIApplicationSceneManifest_Generation = YES;
				INFOPLIST_KEY_UIApplicationSupportsIndirectInputEvents = YES;
				INFOPLIST_KEY_UILaunchScreen_Generation = YES;
				INFOPLIST_KEY_UISupportedInterfaceOrientations_iPad = "UIInterfaceOrientationPortrait UIInterfaceOrientationPortraitUpsideDown UIInterfaceOrientationLandscapeLeft UIInterfaceOrientationLandscapeRight";
				INFOPLIST_KEY_UISupportedInterfaceOrientations_iPhone = "UIInterfaceOrientationPortrait UIInterfaceOrientationLandscapeLeft UIInterfaceOrientationLandscapeRight";
				LD_RUNPATH_SEARCH_PATHS = (
					"$(inherited)",
					"@executable_path/Frameworks",
				);
				MARKETING_VERSION = 1.0;
				PRODUCT_BUNDLE_IDENTIFIER = Vishnu.appetizers;
				PRODUCT_NAME = "$(TARGET_NAME)";
				SWIFT_EMIT_LOC_STRINGS = YES;
				SWIFT_VERSION = 5.0;
				TARGETED_DEVICE_FAMILY = "1,2";
			};
			name = Release;
		};
/* End XCBuildConfiguration section */

/* Begin XCConfigurationList section */
		27271EE22BA52D4C00C75AA3 /* Build configuration list for PBXProject "appetizers" */ = {
			isa = XCConfigurationList;
			buildConfigurations = (
				27271EF32BA52D4D00C75AA3 /* Debug */,
				27271EF42BA52D4D00C75AA3 /* Release */,
			);
			defaultConfigurationIsVisible = 0;
			defaultConfigurationName = Release;
		};
		27271EF52BA52D4D00C75AA3 /* Build configuration list for PBXNativeTarget "appetizers" */ = {
			isa = XCConfigurationList;
			buildConfigurations = (
				27271EF62BA52D4D00C75AA3 /* Debug */,
				27271EF72BA52D4D00C75AA3 /* Release */,
			);
			defaultConfigurationIsVisible = 0;
			defaultConfigurationName = Release;
		};
/* End XCConfigurationList section */
	};
	rootObject = 27271EDF2BA52D4C00C75AA3 /* Project object */;
}
